- name: test/tests.yml \ Builds
  commands:
    - command: go build -o ./bin/smoke -v .
      checks:
        - name: exitcode
          data:
            - "0"
    - command: ./bin/smoke
      checks:
        - name: exitcode
          data:
            - "64"
- name: test/tests.yml \ Basics \ Checks
  commands:
    - command: goimports -l *.go checks/*.go engine/*.go internal/p/*.go internal/*.go
      checks:
        - name: exitcode
          data:
            - "0"
        - name: stdout
          data:
            - ""
    - command: goimports -l testspecs/*.go resultspecs/*.go
      checks:
        - name: exitcode
          data:
            - "0"
        - name: stdout
          data:
            - resultspecs/line_edit.go
            - resultspecs/resultspecs.go
- name: test/tests.yml \ Basics \ Workdirs \ Current dir
  commands:
    - command: ls *.mod
      checks:
        - name: exitcode
          data:
            - "0"
        - name: stdout
          data:
            - go.mod
        - name: stderr
          data:
            - ""
- name: test/tests.yml \ Basics \ Workdirs \ One Dir
  commands:
    - command: ls ../*.mod
      checks:
        - name: exitcode
          data:
            - "0"
        - name: stdout
          data:
            - ../go.mod
        - name: stderr
          data:
            - ""
- name: test/tests.yml \ Basics \ Workdirs \ Two Dirs
  commands:
    - command: ls ../../*.mod
      checks:
        - name: exitcode
          data:
            - "0"
        - name: stdout
          data:
            - ../../go.mod
        - name: stderr
          data:
            - ""
- name: test/tests.yml \ Basics \ Workdirs \ Reversing \ One Dir
  commands:
    - command: ls ../*.mod
      checks:
        - name: exitcode
          data:
            - "0"
        - name: stdout
          data:
            - ../go.mod
        - name: stderr
          data:
            - ""
- name: test/tests.yml \ Basics \ Workdirs \ Reversing \ Two Dirs
  commands:
    - command: ls *.mod
      checks:
        - name: exitcode
          data:
            - "0"
        - name: stdout
          data:
            - go.mod
        - name: stderr
          data:
            - ""
- name: test/tests.yml \ Basics \ Unit Tests
  commands:
    - command: go test -v ./...
      checks:
        - name: exitcode
          data:
            - "0"
- name: test/tests.yml \ Basics \ Common Switches
  commands:
    - command: ./bin/smoke --time -qqqq -vvvv
      checks:
        - name: exitcode
          data:
            - "64"
- name: test/tests.yml \ Basics \ Help
  commands:
    - command: ./bin/smoke --help
      checks:
        - name: exitcode
          data:
            - "0"
        - name: exitcode
          data:
            - "0"
        - name: stderr
          data:
            - SMOKE is a drift detector for command output, not an assertion engine.
            - A clean run means output matched the committed golden — UNCHANGED is not "correct".
            - ""
            - 'Usage:'
            - '  smoke [flags] <spec.yml>...'
            - ""
            - 'Flags:'
            - '  -c, --commit                      Commit all test output.'
            - '  -x, --exclude strings             Do not run tests matching the given pattern'
            - '  -h, --help                        Show help on usages.'
            - '  -i, --include strings             Only run tests matching the given pattern'
            - '      --init string[="tests.yml"]   Write a starter tests.yml file; pass a path to write elsewhere.'
            - '  -l, --list                        List all discovered tests and exit.'
            - '      --no-color                    Turns off console coloring.'
            - '  -p, --print                       Print raw test results to stdout for scripting purposes.'
            - '  -q, --quiet count                 Decrease log output chattiness.'
            - '  -s, --show-expected               Show currently locked results without running the tests.'
            - '      --time                        Log timestamps.'
            - '  -v, --verbose count               Increase log output chattiness.'
            - ""
            - 'Exit codes:'
            - '  0   UNCHANGED   output matched the lock (not "tests passed")'
            - '  1   CHANGED     drift — output moved from the golden (includes MISSING, timeout)'
            - '  2               operational error — SMOKE itself broke (runner crash, I/O)'
            - '  3   NEW         no lock yet; first run is unreviewed'
            - '  64              usage error — invalid invocation (bad flags)'
            - '  65              data error — spec or lock file is malformed'
- name: test/tests.yml \ Basics \ Loads
  commands:
    - command: ./bin/smoke --no-color --list tests.yml
      checks:
        - name: exitcode
          data:
            - "2"
        - name: stdout
          data:
            - ""
    - command: ./bin/smoke --no-color --list tests.yml -v
      checks:
        - name: exitcode
          data:
            - "2"
        - name: stdout
          data:
            - ""
- name: test/tests.yml \ Tests \ Diff
  commands:
    - command: ./bin/smoke --no-color test/badtests.yml
      checks:
        - name: exitcode
          data:
            - "1"
        - name: stdout
          data:
            - '    ==> test/badtests.yml \ hello'
            - '--- --> echo extraneous'
            - '---   > stdout'
            - '---       extraneous'
            - +++ --> echo missing
            - +++   > stdout
            - +++       missing
            - '    ==> test/badtests.yml \ lipsum \ Head'
            - '    --> head -22 test/badtests.txt | tail -9'
            - '      > stdout'
            - '---       mixtape bushwick leggings affogato portland la croix direct trade biodiesel DIY readymade'
            - +++       fixie tousled deep v af lomo synth. Bushwick la croix ramps twee put a bird on it.
            - '          '
            - '          Man braid vinyl disrupt drinking vinegar cold-pressed knausgaard hashtag keytar pabst'
            - '           ... 3 line(s) skipped ...'
            - '          a bird on it. Ramps fanny pack humblebrag, leggings gochujang vexillologist echo park'
            - '          live-edge kitsch meditation offal hella swag lo-fi. Air plant lo-fi green juice mumblecore'
            - '---       fixie tousled deep v af lomo synth. Bushwick la croix ramps twee put a bird on it.'
            - +++       mixtape bushwick leggings affogato portland la croix direct trade biodiesel DIY readymade
            - '    ==> test/badtests.yml \ lipsum \ Tail'
            - '    --> tail -22 test/badtests.txt | head -9'
            - '      > stdout'
            - '---       Biodiesel brooklyn pug whatever shaman semiotics bespoke kinfolk, synth blog. Pabst cloud'
            - +++       wolf moon vice aesthetic hot chicken banjo gochujang succulents marfa vape mlkshk forage
            - '          snackwave. Squid vaporware affogato, you probably haven''t heard of them snackwave raclette'
            - '          before they sold out roof party normcore hammock. Mustache meh man braid, tbh pug raclette'
            - '           ... 3 line(s) skipped ...'
            - '          keffiyeh blue bottle gochujang dreamcatcher.'
            - '          '
            - '---       wolf moon vice aesthetic hot chicken banjo gochujang succulents marfa vape mlkshk forage'
            - +++       Biodiesel brooklyn pug whatever shaman semiotics bespoke kinfolk, synth blog. Pabst cloud
            - ""
            - CHANGED — output drifted from test/badtests.lock.yml; review and re-commit if intended
        - name: stderr
          data:
            - ""
- name: test/tests.yml \ Tests \ Errors
  commands:
    - command: unknowncommand_asdfqwerzcxv
      checks:
        - name: exitcode
          data:
            - "127"
        - name: stdout
          data:
            - ""
        - name: stderr
          data:
            - '/bin/sh: line 1: unknowncommand_asdfqwerzcxv: command not found'
- name: test/tests.yml \ Tests \ I/O
  commands:
    - command: ls
      checks:
        - name: exitcode
          data:
            - "0"
        - name: stdout
          data:
            - funcs.go
            - print.go
        - name: stderr
          data:
            - ""
        - name: exitcode
          data:
            - "0"
        - name: ./internal/p/*.go
          data:
            - '-----BEGIN funcs.go-----'
            - package p
            - ""
            - import (
            - "\t\"fmt\""
            - "\t\"os\""
            - "\t\"strings\""
            - ""
            - "\t\"github.com/chakrit/smoke/checks\""
            - "\t\"github.com/chakrit/smoke/engine\""
            - "\t\"github.com/chakrit/smoke/resultspecs\""
            - )
            - ""
            - // Exit codes — frozen contract, see docs/spec/exit-codes.md.
            - const (
            - "\tExitUnchanged = 0  // output matched the lock"
            - "\tExitChanged   = 1  // drift detected"
            - "\tExitTrouble   = 2  // operational error (runner crash, I/O)"
            - "\tExitNew       = 3  // no lock; first run unreviewed"
            - "\tExitUsage     = 64 // invalid invocation (EX_USAGE)"
            - "\tExitDataErr   = 65 // spec or lock file read but malformed (EX_DATAERR)"
            - )
            - ""
            - // utility CLI logs
            - func Usage(s string)  { fmt.Fprintln(os.Stderr, s) }
            - func Bye()            { output(2, cLowkey+"exited."+cReset) }
            - func Error(err error) { outputErr(-1, cError+"ERR "+err.Error()+cReset) }
            - func Action(s string) { output(1, cAction+"≋≋> "+strings.ToUpper(s)+cReset) }
            - ""
            - func Exit(err error) {
            - "\tError(err)"
            - "\tos.Exit(ExitTrouble)"
            - '}'
            - ""
            - // DataErr exits when a spec or lock file is read but won't parse or validate —
            - // malformed input, distinct from operational trouble. See exit-codes.md.
            - func DataErr(err error) {
            - "\tError(err)"
            - "\tos.Exit(ExitDataErr)"
            - '}'
            - ""
            - // testing flow
            - func Test(t *engine.Test)                                          { output(1, cTitle+"==> "+cTitleEm+t.Name+cReset) }
            - func Command(_ *engine.Test, cmd engine.Command)                   { output(2, cSubtitle+"--> "+string(cmd)+cReset) }
            - func Check(_ *engine.Test, _ engine.Command, chk checks.Interface) { /* no-op */ }
            - ""
            - func TestResult(_ engine.TestResult, err error) {
            - "\tif err != nil {"
            - "\t\tError(err)"
            - "\t}"
            - '}'
            - ""
            - func CommandResult(result engine.CommandResult, err error) {
            - "\tif err != nil {"
            - "\t\tError(err)"
            - "\t}"
            - '}'
            - ""
            - func CheckResult(result checks.Result, err error) {
            - "\tif err != nil {"
            - "\t\tError(err)"
            - "\t\treturn"
            - "\t}"
            - ""
            - "\tlines := strings.Split(string(result.Data), \"\\n\")"
            - "\tfor _, line := range lines {"
            - "\t\toutput(3, fmt.Sprintf(\"%s  > %s:%s %s\", cLowkey, result.Check.Spec(), cReset, line))"
            - "\t}"
            - '}'
            - ""
            - // lockfile flow
            - func FileAccess(f string) { output(2, cSubtitle+"--> "+f+cReset) }
            - func Pass(s string)       { output(-1, cPass+"\n  ✔ "+s+"\n"+cReset) }
            - ""
            - // drift verdicts — neutral vocabulary, no pass/fail framing. UNCHANGED means
            - // drift-free, not verified-correct; CHANGED means review, not failure.
            - func Unchanged(lock string) {
            - "\toutput(-1, \"\\nUNCHANGED — output matches \"+lock+\" (drift-free, not verified correct)\\n\")"
            - '}'
            - func Changed(lock string) {
            - "\toutput(-1, cAction+\"\\nCHANGED — output drifted from \"+lock+\"; review and re-commit if intended\\n\"+cReset)"
            - '}'
            - func New(lock string) {
            - "\toutput(-1, cAction+\"\\nNEW — no lock at \"+lock+\"; first run unreviewed, --commit to create the golden\\n\"+cReset)"
            - '}'
            - ""
            - // diff flow
            - func TestEdit(edit resultspecs.TestEdit) {
            - "\tc, prefix := colorByAction(edit.Action)"
            - "\toutput(0, c+prefix+\" ==> \"+edit.Name+cReset)"
            - '}'
            - ""
            - func CommandEdit(edit resultspecs.CommandEdit) {
            - "\tc, prefix := colorByAction(edit.Action)"
            - "\toutput(0, c+prefix+\" --> \"+edit.Name+cReset)"
            - '}'
            - ""
            - func CheckEdit(edit resultspecs.CheckEdit) {
            - "\tc, prefix := colorByAction(edit.Action)"
            - "\toutput(0, c+prefix+\"   > \"+edit.Name+cReset)"
            - '}'
            - ""
            - func LineEdit(edit resultspecs.LineEdit) {
            - "\tc, prefix := colorByAction(edit.Action)"
            - "\toutput(0, c+prefix+\"       \"+edit.Line+cReset)"
            - '}'
            - ""
            - func colorByAction(action resultspecs.Action) (string, string) {
            - "\tswitch action {"
            - "\tcase resultspecs.NoOp:"
            - "\t\treturn cEqual, \"   \""
            - "\tcase resultspecs.Equal:"
            - "\t\treturn cEqual, \"   \""
            - "\tcase resultspecs.Added:"
            - "\t\treturn cAdded, \"+++\""
            - "\tcase resultspecs.Removed:"
            - "\t\treturn cRemoved, \"---\""
            - "\tcase resultspecs.InnerChanges:"
            - "\t\treturn cInnerChanges, \"   \""
            - "\tdefault:"
            - "\t\tpanic(\"bad edit action: \" + fmt.Sprint(action))"
            - "\t}"
            - '}'
            - '-----END funcs.go-----'
            - ""
            - '-----BEGIN print.go-----'
            - package p
            - ""
            - import (
            - "\t\"fmt\""
            - "\t\"io\""
            - "\t\"os\""
            - "\t\"time\""
            - ""
            - "\t\"github.com/mgutz/ansi\""
            - )
            - ""
            - var ( // stylesheet :p
            - "\tcTitle    string"
            - "\tcTitleEm  string"
            - "\tcSubtitle string"
            - "\tcLowkey   string"
            - "\tcReset    string"
            - ""
            - "\tcAction string"
            - "\tcError  string"
            - "\tcPass   string"
            - ""
            - "\tcEqual        string"
            - "\tcAdded        string"
            - "\tcRemoved      string"
            - "\tcInnerChanges string"
            - ""
            - "\tstartTime time.Time"
            - "\tverbosity int"
            - )
            - ""
            - func init() { Configure(true, false, 1, 0) }
            - ""
            - func Verbosity() int { return verbosity }
            - ""
            - func Configure(color, trackTime bool, v int, q int) {
            - "\tverbosity = 1 + v - q"
            - "\tif trackTime {"
            - "\t\tstartTime = time.Now()"
            - "\t}"
            - ""
            - "\tif !color {"
            - "\t\tcTitle = \"\""
            - "\t\tcTitleEm = \"\""
            - "\t\tcSubtitle = \"\""
            - "\t\tcLowkey = \"\""
            - "\t\tcReset = \"\""
            - ""
            - "\t\tcAction = \"\""
            - "\t\tcError = \"\""
            - "\t\tcPass = \"\""
            - ""
            - "\t\tcEqual = \"\""
            - "\t\tcAdded = \"\""
            - "\t\tcRemoved = \"\""
            - "\t\tcInnerChanges = \"\""
            - ""
            - "\t} else {"
            - "\t\tcTitle = ansi.Magenta"
            - "\t\tcTitleEm = ansi.ColorCode(\"magenta+b\")"
            - "\t\tcSubtitle = ansi.Blue"
            - "\t\tcLowkey = ansi.LightBlack"
            - "\t\tcReset = ansi.Reset"
            - ""
            - "\t\tcAction = ansi.ColorCode(\"cyan+b\")"
            - "\t\tcError = ansi.Red"
            - "\t\tcPass = ansi.ColorCode(\"green+b\")"
            - ""
            - "\t\tcEqual = ansi.LightBlack"
            - "\t\tcAdded = ansi.Green"
            - "\t\tcRemoved = ansi.Red"
            - "\t\tcInnerChanges = ansi.LightBlack"
            - "\t}"
            - '}'
            - ""
            - // output writes the drift/match report to stdout. outputErr routes operational
            - // diagnostics to stderr so consumers can separate "output drifted" from "SMOKE
            - // broke" by stream — see docs/spec/exit-codes.md.
            - func output(level int, s string)    { outputTo(os.Stdout, level, s) }
            - func outputErr(level int, s string) { outputTo(os.Stderr, level, s) }
            - ""
            - func outputTo(w io.Writer, level int, s string) {
            - "\tif level >= verbosity {"
            - "\t\treturn"
            - "\t}"
            - ""
            - "\tif !startTime.IsZero() {"
            - "\t\tdur := time.Since(startTime)"
            - "\t\t_, _ = fmt.Fprintf(w, \"%20s \", dur)"
            - "\t}"
            - ""
            - "\t_, _ = io.WriteString(w, s)"
            - "\t_, _ = io.WriteString(w, \"\\n\")"
            - '}'
            - '-----END print.go-----'
            - ""
- name: test/tests.yml \ Tests \ Env
  commands:
    - command: echo $YEAS_ITS
      checks:
        - name: exitcode
          data:
            - "0"
        - name: stdout
          data:
            - Working
        - name: stderr
          data:
            - ""
- name: test/tests.yml \ Tests \ Include/Exclude \ Just Include
  commands:
    - command: ./bin/smoke --no-color -l -i hello test/badtests.yml
      checks:
        - name: exitcode
          data:
            - "0"
        - name: stdout
          data:
            - test/badtests.yml \ hello
        - name: stderr
          data:
            - ""
    - command: ./bin/smoke --no-color -v -i hello test/badtests.yml
      checks:
        - name: exitcode
          data:
            - "1"
        - name: stdout
          data:
            - ≋≋> RUNNING TESTS
            - ==> test/badtests.yml \ hello
            - ≋≋> COMPARING LOCK FILE
            - '    ==> test/badtests.yml \ hello'
            - '--- --> echo extraneous'
            - '---   > stdout'
            - '---       extraneous'
            - +++ --> echo missing
            - +++   > stdout
            - +++       missing
            - ""
            - CHANGED — output drifted from test/badtests.lock.yml; review and re-commit if intended
        - name: stderr
          data:
            - ""
- name: test/tests.yml \ Tests \ Include/Exclude \ Just Exclude
  commands:
    - command: ./bin/smoke --no-color -l -x Head -x Tail test/badtests.yml
      checks:
        - name: exitcode
          data:
            - "0"
        - name: stdout
          data:
            - test/badtests.yml \ hello
        - name: stderr
          data:
            - ""
    - command: ./bin/smoke --no-color -v -x Head -x Tail test/badtests.yml
      checks:
        - name: exitcode
          data:
            - "1"
        - name: stdout
          data:
            - ≋≋> RUNNING TESTS
            - ==> test/badtests.yml \ hello
            - ≋≋> COMPARING LOCK FILE
            - '    ==> test/badtests.yml \ hello'
            - '--- --> echo extraneous'
            - '---   > stdout'
            - '---       extraneous'
            - +++ --> echo missing
            - +++   > stdout
            - +++       missing
            - ""
            - CHANGED — output drifted from test/badtests.lock.yml; review and re-commit if intended
        - name: stderr
          data:
            - ""
- name: test/tests.yml \ Tests \ HTTP
  commands:
    - command: echo just the checks
      checks:
        - name: exitcode
          data:
            - "0"
        - name: stdout
          data:
            - just the checks
        - name: stderr
          data:
            - ""
        - name: GET https://raw.githubusercontent.com/chakrit/smoke/master/LICENSE
          data:
            - 200 OK
            - ""
            - Copyright 2019 Chakrit Wichian
            - ""
            - Permission is hereby granted, free of charge, to any person obtaining a copy of
            - this software and associated documentation files (the "Software"), to deal in
            - the Software without restriction, including without limitation the rights to
            - use, copy, modify, merge, publish, distribute, sublicense, and/or sell copies of
            - the Software, and to permit persons to whom the Software is furnished to do so,
            - 'subject to the following conditions:'
            - ""
            - The above copyright notice and this permission notice shall be included in all
            - copies or substantial portions of the Software.
            - ""
            - THE SOFTWARE IS PROVIDED "AS IS", WITHOUT WARRANTY OF ANY KIND, EXPRESS OR
            - IMPLIED, INCLUDING BUT NOT LIMITED TO THE WARRANTIES OF MERCHANTABILITY, FITNESS
            - FOR A PARTICULAR PURPOSE AND NONINFRINGEMENT. IN NO EVENT SHALL THE AUTHORS OR
            - COPYRIGHT HOLDERS BE LIABLE FOR ANY CLAIM, DAMAGES OR OTHER LIABILITY, WHETHER
            - IN AN ACTION OF CONTRACT, TORT OR OTHERWISE, ARISING FROM, OUT OF OR IN
            - CONNECTION WITH THE SOFTWARE OR THE USE OR OTHER DEALINGS IN THE SOFTWARE.
- name: test/tests.yml \ Tests \ Subtests
  commands:
    - command: echo "parent command"
      checks:
        - name: exitcode
          data:
            - "0"
        - name: stdout
          data:
            - parent command
        - name: stderr
          data:
            - ""
- name: test/tests.yml \ Tests \ Subtests \ Command Inherits
  commands:
    - command: echo "parent command"
      checks:
        - name: exitcode
          data:
            - "0"
        - name: stdout
          data:
            - parent command
        - name: stderr
          data:
            - ""
        - name: stdout
          data:
            - parent command
    - command: echo "child command"
      checks:
        - name: exitcode
          data:
            - "0"
        - name: stdout
          data:
            - child command
        - name: stderr
          data:
            - ""
        - name: stdout
          data:
            - child command
- name: test/tests.yml \ Tests \ Usage
  commands:
    - command: ./bin/smoke --no-color --bogus-flag
      checks:
        - name: exitcode
          data:
            - "64"
        - name: stdout
          data:
            - ""
        - name: stderr
          data:
            - 'unknown flag: --bogus-flag'
            - SMOKE is a drift detector for command output, not an assertion engine.
            - A clean run means output matched the committed golden — UNCHANGED is not "correct".
            - ""
            - 'Usage:'
            - '  smoke [flags] <spec.yml>...'
            - ""
            - 'Flags:'
            - '  -c, --commit                      Commit all test output.'
            - '  -x, --exclude strings             Do not run tests matching the given pattern'
            - '  -h, --help                        Show help on usages.'
            - '  -i, --include strings             Only run tests matching the given pattern'
            - '      --init string[="tests.yml"]   Write a starter tests.yml file; pass a path to write elsewhere.'
            - '  -l, --list                        List all discovered tests and exit.'
            - '      --no-color                    Turns off console coloring.'
            - '  -p, --print                       Print raw test results to stdout for scripting purposes.'
            - '  -q, --quiet count                 Decrease log output chattiness.'
            - '  -s, --show-expected               Show currently locked results without running the tests.'
            - '      --time                        Log timestamps.'
            - '  -v, --verbose count               Increase log output chattiness.'
            - ""
            - 'Exit codes:'
            - '  0   UNCHANGED   output matched the lock (not "tests passed")'
            - '  1   CHANGED     drift — output moved from the golden (includes MISSING, timeout)'
            - '  2               operational error — SMOKE itself broke (runner crash, I/O)'
            - '  3   NEW         no lock yet; first run is unreviewed'
            - '  64              usage error — invalid invocation (bad flags)'
            - '  65              data error — spec or lock file is malformed'
- name: test/tests.yml \ Tests \ CUE
  commands:
    - command: ./bin/smoke --no-color --list test/cuetests.cue
      checks:
        - name: exitcode
          data:
            - "0"
        - name: stdout
          data:
            - test/cuetests.cue \ Echo
            - test/cuetests.cue \ Arithmetic
        - name: stderr
          data:
            - ""
    - command: ./bin/smoke --no-color test/cuetests.cue
      checks:
        - name: exitcode
          data:
            - "0"
        - name: stdout
          data:
            - UNCHANGED — output matches test/cuetests.lock.yml (drift-free, not verified correct)
        - name: stderr
          data:
            - ""
- name: test/tests.yml \ Tests \ JSON
  commands:
    - command: ./bin/smoke --no-color --list test/jsontests.json
      checks:
        - name: exitcode
          data:
            - "0"
        - name: stdout
          data:
            - test/jsontests.json \ Echo
            - test/jsontests.json \ Arithmetic
        - name: stderr
          data:
            - ""
    - command: ./bin/smoke --no-color test/jsontests.json
      checks:
        - name: exitcode
          data:
            - "0"
        - name: stdout
          data:
            - UNCHANGED — output matches test/jsontests.lock.yml (drift-free, not verified correct)
        - name: stderr
          data:
            - ""
- name: test/tests.yml \ Tests \ JSONL
  commands:
    - command: ./bin/smoke --no-color --list test/jsonltests.jsonl
      checks:
        - name: exitcode
          data:
            - "0"
        - name: stdout
          data:
            - test/jsonltests.jsonl \ Echo
            - test/jsonltests.jsonl \ Arithmetic
        - name: stderr
          data:
            - ""
    - command: ./bin/smoke --no-color test/jsonltests.jsonl
      checks:
        - name: exitcode
          data:
            - "0"
        - name: stdout
          data:
            - UNCHANGED — output matches test/jsonltests.lock.yml (drift-free, not verified correct)
        - name: stderr
          data:
            - ""
- name: test/tests.yml \ Tests \ Init \ Writes named file
  commands:
    - command: rm -f test/init-scratch.yml && ./bin/smoke --no-color --init=test/init-scratch.yml && rm test/init-scratch.yml
      checks:
        - name: exitcode
          data:
            - "0"
        - name: stdout
          data:
            - '  ✔ Wrote test/init-scratch.yml'
        - name: stderr
          data:
            - ""
- name: test/tests.yml \ Tests \ Init \ No clobber
  commands:
    - command: ./bin/smoke --no-color --init=test/tests.yml
      checks:
        - name: exitcode
          data:
            - "2"
        - name: stdout
          data:
            - ""
        - name: stderr
          data:
            - ERR test/tests.yml already exists
- name: test/tests.yml \ Tests \ States \ New
  commands:
    - command: ./bin/smoke --no-color test/newtests.yml
      checks:
        - name: exitcode
          data:
            - "3"
        - name: stdout
          data:
            - NEW — no lock at test/newtests.lock.yml; first run unreviewed, --commit to create the golden
        - name: stderr
          data:
            - ""
- name: test/tests.yml \ Tests \ States \ Unchanged
  commands:
    - command: ./bin/smoke --no-color test/stabletests.yml
      checks:
        - name: exitcode
          data:
            - "0"
        - name: stdout
          data:
            - UNCHANGED — output matches test/stabletests.lock.yml (drift-free, not verified correct)
        - name: stderr
          data:
            - ""
- name: test/tests.yml \ Tests \ States \ Operational
  commands:
    - command: ./bin/smoke --no-color test/nonexistent.yml
      checks:
        - name: exitcode
          data:
            - "2"
        - name: stdout
          data:
            - ""
        - name: stderr
          data:
            - 'ERR test/nonexistent.yml: open test/nonexistent.yml: no such file or directory'
- name: test/tests.yml \ Tests \ States \ Malformed
  commands:
    - command: ./bin/smoke --no-color test/malformedtests.yml
      checks:
        - name: exitcode
          data:
            - "65"
        - name: stdout
          data:
            - ""
        - name: stderr
          data:
            - 'ERR test/malformedtests.yml: yaml: unmarshal errors:'
            - '  line 3: cannot unmarshal !!seq into testspecs.TestSpec'
- name: test/tests.yml \ Tests \ States \ Bad leaf
  commands:
    - command: ./bin/smoke --no-color test/badleaftests.yml
      checks:
        - name: exitcode
          data:
            - "65"
        - name: stdout
          data:
            - ""
        - name: stderr
          data:
            - 'ERR test/badleaftests.yml: test `test/badleaftests.yml \ Leaf without commands` is a leaf with no commands'
- name: test/tests.yml \ Tests \ States \ Timeout
  commands:
    - command: ./bin/smoke --no-color test/timeouttests.yml
      checks:
        - name: timeout
          data:
            - timed out after 5s
