- name: badtests.yml \ hello
  commands:
    - command: echo hello
      checks:
        - name: stdout
          data:
            - hello
- name: badtests.yml \ lipsum \ Head
  commands:
    - command: head -22 badtests.txt | tail -9
      checks:
        - name: stdout
          data:
            - mixtape bushwick leggings affogato portland la croix direct trade biodiesel
              DIY readymade
            - ""
            - Man braid vinyl disrupt drinking vinegar cold-pressed knausgaard hashtag
              keytar pabst
            - gentrify tofu health goth biodiesel activated charcoal tattooed. Gentrify
              keffiyeh paleo
            - hexagon. Chillwave you probably haven't heard of them kale chips whatever
              selfies kombucha
            - letterpress tbh pok pok. You probably haven't heard of them kitsch chillwave
              wayfarers put
            - a bird on it. Ramps fanny pack humblebrag, leggings gochujang vexillologist
              echo park
            - live-edge kitsch meditation offal hella swag lo-fi. Air plant lo-fi
              green juice mumblecore
            - fixie tousled deep v af lomo synth. Bushwick la croix ramps twee put
              a bird on it.
- name: badtests.yml \ lipsum \ Tail
  commands:
    - command: tail -22 badtests.txt | head -9
      checks:
        - name: stdout
          data:
            - Biodiesel brooklyn pug whatever shaman semiotics bespoke kinfolk, synth
              blog. Pabst cloud
            - snackwave. Squid vaporware affogato, you probably haven't heard of them
              snackwave raclette
            - before they sold out roof party normcore hammock. Mustache meh man braid,
              tbh pug raclette
            - chillwave. Farm-to-table venmo intelligentsia cred keytar, irony meditation
              raclette pok
            - pok chartreuse everyday carry. Thundercats distillery organic scenester.
              Ugh tattooed
            - shoreditch hashtag, you probably haven't heard of them street art authentic
              kombucha banjo
            - keffiyeh blue bottle gochujang dreamcatcher.
            - ""
            - wolf moon vice aesthetic hot chicken banjo gochujang succulents marfa
              vape mlkshk forage
