- name: jsonctests.jsonc \ Echo
  commands:
    - command: echo jsonc-driven // smoke test
      checks:
        - name: exitcode
          data:
            - "0"
        - name: stdout
          data:
            - jsonc-driven // smoke test
- name: jsonctests.jsonc \ Arithmetic
  commands:
    - command: echo $((6 * 7))
      checks:
        - name: exitcode
          data:
            - "0"
        - name: stdout
          data:
            - "42"
